<?xml version="1.0" encoding="utf-8"?>
<Project ToolsVersion="4.0" xmlns="http://schemas.microsoft.com/developer/msbuild/2003">
  <ItemGroup>
    <Filter Include="Job">
      <UniqueIdentifier>{bef26e57-1255-487c-b1be-612655dd8a4e}</UniqueIdentifier>
    </Filter>
    <Filter Include="Job\Global_Queue">
      <UniqueIdentifier>{714dfba6-a6f2-4457-ba3c-bad7c02bc797}</UniqueIdentifier>
    </Filter>
    <Filter Include="Job\JobQueue">
      <UniqueIdentifier>{30a76f25-0c1f-413f-9c0a-db83c979d61e}</UniqueIdentifier>
    </Filter>
    <Filter Include="Job\JobTimer">
      <UniqueIdentifier>{ef8e2e4c-ffdb-428c-869c-87de30a24395}</UniqueIdentifier>
    </Filter>
    <Filter Include="Main">
      <UniqueIdentifier>{92f99eac-b0cb-4a6d-937e-4e50e4b70a42}</UniqueIdentifier>
    </Filter>
    <Filter Include="Memory">
      <UniqueIdentifier>{5074b891-a5fa-4977-b1ba-29a9b85fdf04}</UniqueIdentifier>
    </Filter>
    <Filter Include="Network">
      <UniqueIdentifier>{2136ca61-b1bf-4074-8b44-71496b28d160}</UniqueIdentifier>
    </Filter>
    <Filter Include="Thread">
      <UniqueIdentifier>{cd76e64b-9335-4822-8b59-be0d3737c09e}</UniqueIdentifier>
    </Filter>
    <Filter Include="Utils">
      <UniqueIdentifier>{3d44afb2-095e-4344-be78-d50906357665}</UniqueIdentifier>
    </Filter>
    <Filter Include="Default">
      <UniqueIdentifier>{786a0016-17c7-4d67-80be-49aeb33db827}</UniqueIdentifier>
    </Filter>
  </ItemGroup>
  <ItemGroup>
    <ClInclude Include="stdafx.h">
      <Filter>Default</Filter>
    </ClInclude>
    <ClInclude Include="..\Public\Job.h">
      <Filter>Job</Filter>
    </ClInclude>
    <ClInclude Include="..\Public\GlobalQueue.h">
      <Filter>Job\Global_Queue</Filter>
    </ClInclude>
    <ClInclude Include="..\Public\JobQueue.h">
      <Filter>Job\JobQueue</Filter>
    </ClInclude>
    <ClInclude Include="..\Public\JobTimer.h">
      <Filter>Job\JobTimer</Filter>
    </ClInclude>
    <ClInclude Include="..\Public\CoreGlobal.h">
      <Filter>Main</Filter>
    </ClInclude>
    <ClInclude Include="..\Public\CoreMacro.h">
      <Filter>Main</Filter>
    </ClInclude>
    <ClInclude Include="..\Public\CoreTLS.h">
      <Filter>Main</Filter>
    </ClInclude>
    <ClInclude Include="..\Public\Types.h">
      <Filter>Main</Filter>
    </ClInclude>
    <ClInclude Include="..\Public\Allocator.h">
      <Filter>Memory</Filter>
    </ClInclude>
    <ClInclude Include="..\Public\Container.h">
      <Filter>Memory</Filter>
    </ClInclude>
    <ClInclude Include="..\Public\Memory.h">
      <Filter>Memory</Filter>
    </ClInclude>
    <ClInclude Include="..\Public\MemoryPool.h">
      <Filter>Memory</Filter>
    </ClInclude>
    <ClInclude Include="..\Public\ObjectPool.h">
      <Filter>Memory</Filter>
    </ClInclude>
    <ClInclude Include="..\Public\RefCounting.h">
      <Filter>Memory</Filter>
    </ClInclude>
    <ClInclude Include="..\Public\IocpCore.h">
      <Filter>Network</Filter>
    </ClInclude>
    <ClInclude Include="..\Public\IocpEvent.h">
      <Filter>Network</Filter>
    </ClInclude>
    <ClInclude Include="..\Public\Listener.h">
      <Filter>Network</Filter>
    </ClInclude>
    <ClInclude Include="..\Public\NetAddress.h">
      <Filter>Network</Filter>
    </ClInclude>
    <ClInclude Include="..\Public\RecvBuffer.h">
      <Filter>Network</Filter>
    </ClInclude>
    <ClInclude Include="..\Public\SendBuffer.h">
      <Filter>Network</Filter>
    </ClInclude>
    <ClInclude Include="..\Public\Service.h">
      <Filter>Network</Filter>
    </ClInclude>
    <ClInclude Include="..\Public\Session.h">
      <Filter>Network</Filter>
    </ClInclude>
    <ClInclude Include="..\Public\SocketUtils.h">
      <Filter>Network</Filter>
    </ClInclude>
    <ClInclude Include="..\Public\DeadLockProfiler.h">
      <Filter>Thread</Filter>
    </ClInclude>
    <ClInclude Include="..\Public\Lock.h">
      <Filter>Thread</Filter>
    </ClInclude>
    <ClInclude Include="..\Public\ThreadManager.h">
      <Filter>Thread</Filter>
    </ClInclude>
    <ClInclude Include="..\Public\BufferReader.h">
      <Filter>Utils</Filter>
    </ClInclude>
    <ClInclude Include="..\Public\BufferWriter.h">
      <Filter>Utils</Filter>
    </ClInclude>
    <ClInclude Include="..\Public\LockQueue.h">
      <Filter>Utils</Filter>
    </ClInclude>
    <ClInclude Include="..\Public\TypeCast.h">
      <Filter>Memory</Filter>
    </ClInclude>
    <ClInclude Include="..\Public\Core_Exports.h">
      <Filter>Default</Filter>
    </ClInclude>
  </ItemGroup>
  <ItemGroup>
    <ClCompile Include="stdafx.cpp">
      <Filter>Default</Filter>
    </ClCompile>
    <ClCompile Include="..\Private\Job.cpp">
      <Filter>Job</Filter>
    </ClCompile>
    <ClCompile Include="..\Private\GlobalQueue.cpp">
      <Filter>Job\Global_Queue</Filter>
    </ClCompile>
    <ClCompile Include="..\Private\JobQueue.cpp">
      <Filter>Job\JobQueue</Filter>
    </ClCompile>
    <ClCompile Include="..\Private\JobTimer.cpp">
      <Filter>Job\JobTimer</Filter>
    </ClCompile>
    <ClCompile Include="..\Private\CoreGlobal.cpp">
      <Filter>Main</Filter>
    </ClCompile>
    <ClCompile Include="..\Private\CoreTLS.cpp">
      <Filter>Main</Filter>
    </ClCompile>
    <ClCompile Include="..\Private\Allocator.cpp">
      <Filter>Memory</Filter>
    </ClCompile>
    <ClCompile Include="..\Private\Memory.cpp">
      <Filter>Memory</Filter>
    </ClCompile>
    <ClCompile Include="..\Private\MemoryPool.cpp">
      <Filter>Memory</Filter>
    </ClCompile>
    <ClCompile Include="..\Private\RefCounting.cpp">
      <Filter>Memory</Filter>
    </ClCompile>
    <ClCompile Include="..\Private\IocpCore.cpp">
      <Filter>Network</Filter>
    </ClCompile>
    <ClCompile Include="..\Private\IocpEvent.cpp">
      <Filter>Network</Filter>
    </ClCompile>
    <ClCompile Include="..\Private\Listener.cpp">
      <Filter>Network</Filter>
    </ClCompile>
    <ClCompile Include="..\Private\NetAddress.cpp">
      <Filter>Network</Filter>
    </ClCompile>
    <ClCompile Include="..\Private\RecvBuffer.cpp">
      <Filter>Network</Filter>
    </ClCompile>
    <ClCompile Include="..\Private\SendBuffer.cpp">
      <Filter>Network</Filter>
    </ClCompile>
    <ClCompile Include="..\Private\Service.cpp">
      <Filter>Network</Filter>
    </ClCompile>
    <ClCompile Include="..\Private\Session.cpp">
      <Filter>Network</Filter>
    </ClCompile>
    <ClCompile Include="..\Private\SocketUtils.cpp">
      <Filter>Network</Filter>
    </ClCompile>
    <ClCompile Include="..\Private\DeadLockProfiler.cpp">
      <Filter>Thread</Filter>
    </ClCompile>
    <ClCompile Include="..\Private\Lock.cpp">
      <Filter>Thread</Filter>
    </ClCompile>
    <ClCompile Include="..\Private\ThreadManager.cpp">
      <Filter>Thread</Filter>
    </ClCompile>
    <ClCompile Include="..\Private\BufferReader.cpp">
      <Filter>Utils</Filter>
    </ClCompile>
    <ClCompile Include="..\Private\BufferWriter.cpp">
      <Filter>Utils</Filter>
    </ClCompile>
    <ClCompile Include="..\Private\LockQueue.cpp">
      <Filter>Utils</Filter>
    </ClCompile>
  </ItemGroup>
</Project>