<?xml version="1.0" encoding="utf-8"?>
<Project ToolsVersion="4.0" xmlns="http://schemas.microsoft.com/developer/msbuild/2003">
  <ItemGroup>
    <Filter Include="00.System">
      <UniqueIdentifier>{b2d479a3-55d6-47ab-adab-d90b4a5e750c}</UniqueIdentifier>
    </Filter>
    <Filter Include="01.Utiltiy">
      <UniqueIdentifier>{a3529259-ffc5-412e-9d9a-1e872134cec1}</UniqueIdentifier>
    </Filter>
    <Filter Include="01.Utiltiy\99.Super">
      <UniqueIdentifier>{27ae1524-ddaa-40e8-a2b1-7074a841dcc7}</UniqueIdentifier>
    </Filter>
    <Filter Include="99.Defines">
      <UniqueIdentifier>{cd0b9cfb-78f2-4c46-84e0-e82bbe5dae30}</UniqueIdentifier>
    </Filter>
    <Filter Include="00.System\00.Timer">
      <UniqueIdentifier>{cbd524ed-ae40-470c-b6d8-00f9f1af5ac8}</UniqueIdentifier>
    </Filter>
    <Filter Include="00.System\01.Device">
      <UniqueIdentifier>{1e2af600-6e9e-45e6-b2d3-0760ec2d75b8}</UniqueIdentifier>
    </Filter>
    <Filter Include="00.System\01.Device\Graphic">
      <UniqueIdentifier>{2c4888b0-db31-45ba-aa7a-78d5f0a2132d}</UniqueIdentifier>
    </Filter>
    <Filter Include="00.System\01.Device\Input">
      <UniqueIdentifier>{75b2ff63-23ce-4fa2-8ece-495b3ab3039f}</UniqueIdentifier>
    </Filter>
    <Filter Include="00.System\01.Device\Sound">
      <UniqueIdentifier>{17de0ee4-1c0e-4c51-976d-f48e8f089447}</UniqueIdentifier>
    </Filter>
    <Filter Include="00.System\00.Timer\Manager">
      <UniqueIdentifier>{a30b1084-b34e-419d-bb1d-1f1f5c8d3fd7}</UniqueIdentifier>
    </Filter>
    <Filter Include="01.Utiltiy\00.GameInstance">
      <UniqueIdentifier>{aa6f228e-028d-4efd-b2f3-39052d369412}</UniqueIdentifier>
    </Filter>
    <Filter Include="01.Utiltiy\02.Level">
      <UniqueIdentifier>{d2acafff-f010-42f6-92f5-eb2ab8db46b9}</UniqueIdentifier>
    </Filter>
    <Filter Include="01.Utiltiy\02.Level\Manager">
      <UniqueIdentifier>{d401dff7-3c68-47ac-9107-431b908baa1f}</UniqueIdentifier>
    </Filter>
    <Filter Include="01.Utiltiy\03.GameObjects">
      <UniqueIdentifier>{68ba6cd0-6b14-4dc9-9336-cec267f20f0d}</UniqueIdentifier>
    </Filter>
    <Filter Include="01.Utiltiy\04.Component">
      <UniqueIdentifier>{2f7b0f55-c192-41e7-bb1e-3795db1aeefc}</UniqueIdentifier>
    </Filter>
    <Filter Include="01.Utiltiy\98. Utils">
      <UniqueIdentifier>{ede3a70d-ed37-4bef-b5c7-5b7d814980f4}</UniqueIdentifier>
    </Filter>
    <Filter Include="01.Utiltiy\04.Component\00. Manager">
      <UniqueIdentifier>{8bbd81a9-95ab-4f92-bc4d-ac853884e638}</UniqueIdentifier>
    </Filter>
    <Filter Include="01.Utiltiy\04.Component\01. Renderer">
      <UniqueIdentifier>{15fe4fbd-6c18-467c-9742-0006c1b4371d}</UniqueIdentifier>
    </Filter>
    <Filter Include="01.Utiltiy\04.Component\02. VIBuffer">
      <UniqueIdentifier>{eb0138e8-590d-4bd6-bc94-809ce0e0d5af}</UniqueIdentifier>
    </Filter>
    <Filter Include="01.Utiltiy\04.Component\02. VIBuffer\Terrain">
      <UniqueIdentifier>{9d04d116-5d72-4285-9207-214bf7487f84}</UniqueIdentifier>
    </Filter>
    <Filter Include="01.Utiltiy\04.Component\02. VIBuffer\Terrain\QuadTree">
      <UniqueIdentifier>{64fbde0d-8ecd-4c28-a410-cd1f80d04432}</UniqueIdentifier>
    </Filter>
    <Filter Include="01.Utiltiy\04.Component\03. Shader">
      <UniqueIdentifier>{ae1b5658-3515-477e-aa12-9972107b50c4}</UniqueIdentifier>
    </Filter>
    <Filter Include="01.Utiltiy\04.Component\04. Texture">
      <UniqueIdentifier>{445db20a-a830-4dc1-bdf8-7a3a9cbb45e1}</UniqueIdentifier>
    </Filter>
    <Filter Include="01.Utiltiy\04.Component\05. Transform">
      <UniqueIdentifier>{37b928aa-12d2-40e1-9f44-3d087ec017eb}</UniqueIdentifier>
    </Filter>
    <Filter Include="01.Utiltiy\04.Component\06. Model">
      <UniqueIdentifier>{dc59df1b-4935-4056-82d0-d12eed44486a}</UniqueIdentifier>
    </Filter>
    <Filter Include="01.Utiltiy\04.Component\06. Model\Animation">
      <UniqueIdentifier>{72685385-8a9c-49bf-88d9-37196e8571e6}</UniqueIdentifier>
    </Filter>
    <Filter Include="01.Utiltiy\04.Component\06. Model\Animation\Channel">
      <UniqueIdentifier>{e17772b1-c0ea-476e-97a0-ed210da6160f}</UniqueIdentifier>
    </Filter>
    <Filter Include="01.Utiltiy\04.Component\06. Model\HierarchyNode">
      <UniqueIdentifier>{0868a72e-ad37-4734-97e4-37ba0027defa}</UniqueIdentifier>
    </Filter>
    <Filter Include="01.Utiltiy\04.Component\06. Model\MeshContainer">
      <UniqueIdentifier>{5b64ff7d-ec4a-40c1-b063-16459f9af01c}</UniqueIdentifier>
    </Filter>
    <Filter Include="00.System\02. PipeLine">
      <UniqueIdentifier>{d191d93f-d647-4adc-8e26-1b8c3968bf65}</UniqueIdentifier>
    </Filter>
    <Filter Include="00.System\03. Lights">
      <UniqueIdentifier>{9b3710b7-d866-4f9c-bd3d-a8f12544a94a}</UniqueIdentifier>
    </Filter>
    <Filter Include="00.System\03. Lights\Manager">
      <UniqueIdentifier>{d6886123-03e7-4e79-890a-2a7757df425e}</UniqueIdentifier>
    </Filter>
    <Filter Include="01.Utiltiy\04.Component\02. VIBuffer\Rect">
      <UniqueIdentifier>{6c257ca1-d39b-4b2d-a140-21f27556eefd}</UniqueIdentifier>
    </Filter>
    <Filter Include="01.Utiltiy\03.GameObjects\00. Manager">
      <UniqueIdentifier>{e5b6768b-8e62-4930-8c6b-a6f1199ff91f}</UniqueIdentifier>
    </Filter>
    <Filter Include="01.Utiltiy\03.GameObjects\00. Manager\Layer">
      <UniqueIdentifier>{8c2666f7-7eb6-4c1f-98fa-b493cdf2443c}</UniqueIdentifier>
    </Filter>
    <Filter Include="01.Utiltiy\03.GameObjects\Camera">
      <UniqueIdentifier>{b499766b-d80b-4e53-9576-e6ef0c89bbbc}</UniqueIdentifier>
    </Filter>
    <Filter Include="00.System\04. Key">
      <UniqueIdentifier>{7a87af19-0b8e-444b-99ed-ae323f63834e}</UniqueIdentifier>
    </Filter>
  </ItemGroup>
  <ItemGroup>
    <ClInclude Include="..\public\Base.h">
      <Filter>01.Utiltiy\99.Super</Filter>
    </ClInclude>
    <ClInclude Include="..\Public\Engine_Defines.h">
      <Filter>99.Defines</Filter>
    </ClInclude>
    <ClInclude Include="..\Public\Engine_Macro.h">
      <Filter>99.Defines</Filter>
    </ClInclude>
    <ClInclude Include="..\Public\Engine_Struct.h">
      <Filter>99.Defines</Filter>
    </ClInclude>
    <ClInclude Include="..\Public\Engine_Typedef.h">
      <Filter>99.Defines</Filter>
    </ClInclude>
    <ClInclude Include="..\Public\Engine_Function.h">
      <Filter>99.Defines</Filter>
    </ClInclude>
    <ClInclude Include="..\Public\Timer.h">
      <Filter>00.System\00.Timer</Filter>
    </ClInclude>
    <ClInclude Include="..\Public\Timer_Manager.h">
      <Filter>00.System\00.Timer\Manager</Filter>
    </ClInclude>
    <ClInclude Include="..\Public\Graphic_Device.h">
      <Filter>00.System\01.Device\Graphic</Filter>
    </ClInclude>
    <ClInclude Include="..\public\GameInstance.h">
      <Filter>01.Utiltiy\00.GameInstance</Filter>
    </ClInclude>
    <ClInclude Include="..\public\Level.h">
      <Filter>01.Utiltiy\02.Level</Filter>
    </ClInclude>
    <ClInclude Include="..\public\Level_Manager.h">
      <Filter>01.Utiltiy\02.Level\Manager</Filter>
    </ClInclude>
    <ClInclude Include="..\public\GameObject.h">
      <Filter>01.Utiltiy\03.GameObjects</Filter>
    </ClInclude>
    <ClInclude Include="..\public\Object_Manager.h">
      <Filter>01.Utiltiy\03.GameObjects\00. Manager</Filter>
    </ClInclude>
    <ClInclude Include="..\public\Layer.h">
      <Filter>01.Utiltiy\03.GameObjects\00. Manager\Layer</Filter>
    </ClInclude>
    <ClInclude Include="..\public\Component.h">
      <Filter>01.Utiltiy\04.Component</Filter>
    </ClInclude>
    <ClInclude Include="..\public\Renderer.h">
      <Filter>01.Utiltiy\04.Component\01. Renderer</Filter>
    </ClInclude>
    <ClInclude Include="..\Public\VIBuffer.h">
      <Filter>01.Utiltiy\04.Component\02. VIBuffer</Filter>
    </ClInclude>
    <ClInclude Include="..\Public\Shader.h">
      <Filter>01.Utiltiy\04.Component\03. Shader</Filter>
    </ClInclude>
    <ClInclude Include="..\Public\Texture.h">
      <Filter>01.Utiltiy\04.Component\04. Texture</Filter>
    </ClInclude>
    <ClInclude Include="..\Public\Utils.h">
      <Filter>01.Utiltiy\98. Utils</Filter>
    </ClInclude>
    <ClInclude Include="..\Public\Component_Manager.h">
      <Filter>01.Utiltiy\04.Component\00. Manager</Filter>
    </ClInclude>
    <ClInclude Include="..\Public\Transform.h">
      <Filter>01.Utiltiy\04.Component\05. Transform</Filter>
    </ClInclude>
    <ClInclude Include="..\Public\Model.h">
      <Filter>01.Utiltiy\04.Component\06. Model</Filter>
    </ClInclude>
    <ClInclude Include="..\Public\HierarchyNode.h">
      <Filter>01.Utiltiy\04.Component\06. Model\HierarchyNode</Filter>
    </ClInclude>
    <ClInclude Include="..\Public\Animation.h">
      <Filter>01.Utiltiy\04.Component\06. Model\Animation</Filter>
    </ClInclude>
    <ClInclude Include="..\Public\Channel.h">
      <Filter>01.Utiltiy\04.Component\06. Model\Animation\Channel</Filter>
    </ClInclude>
    <ClInclude Include="..\Public\Mesh.h">
      <Filter>01.Utiltiy\04.Component\06. Model\MeshContainer</Filter>
    </ClInclude>
    <ClInclude Include="..\Public\Camera.h">
      <Filter>01.Utiltiy\03.GameObjects\Camera</Filter>
    </ClInclude>
    <ClInclude Include="..\Public\PipeLine.h">
      <Filter>00.System\02. PipeLine</Filter>
    </ClInclude>
    <ClInclude Include="..\Public\Light_Manager.h">
      <Filter>00.System\03. Lights\Manager</Filter>
    </ClInclude>
    <ClInclude Include="..\Public\Light.h">
      <Filter>00.System\03. Lights</Filter>
    </ClInclude>
    <ClInclude Include="..\Public\VIBuffer_Rect.h">
      <Filter>01.Utiltiy\04.Component\02. VIBuffer\Rect</Filter>
    </ClInclude>
    <ClInclude Include="..\Public\Key_Manager.h">
      <Filter>00.System\04. Key</Filter>
    </ClInclude>
    <ClInclude Include="..\Public\Engine_Enum.h">
      <Filter>99.Defines</Filter>
    </ClInclude>
  </ItemGroup>
  <ItemGroup>
    <ClCompile Include="..\private\Base.cpp">
      <Filter>01.Utiltiy\99.Super</Filter>
    </ClCompile>
    <ClCompile Include="..\Private\Timer.cpp">
      <Filter>00.System\00.Timer</Filter>
    </ClCompile>
    <ClCompile Include="..\Private\Timer_Manager.cpp">
      <Filter>00.System\00.Timer\Manager</Filter>
    </ClCompile>
    <ClCompile Include="..\Private\Graphic_Device.cpp">
      <Filter>00.System\01.Device\Graphic</Filter>
    </ClCompile>
    <ClCompile Include="..\private\GameInstance.cpp">
      <Filter>01.Utiltiy\00.GameInstance</Filter>
    </ClCompile>
    <ClCompile Include="..\private\Level.cpp">
      <Filter>01.Utiltiy\02.Level</Filter>
    </ClCompile>
    <ClCompile Include="..\private\Level_Manager.cpp">
      <Filter>01.Utiltiy\02.Level\Manager</Filter>
    </ClCompile>
    <ClCompile Include="..\private\GameObject.cpp">
      <Filter>01.Utiltiy\03.GameObjects</Filter>
    </ClCompile>
    <ClCompile Include="..\private\Object_Manager.cpp">
      <Filter>01.Utiltiy\03.GameObjects\00. Manager</Filter>
    </ClCompile>
    <ClCompile Include="..\private\Layer.cpp">
      <Filter>01.Utiltiy\03.GameObjects\00. Manager\Layer</Filter>
    </ClCompile>
    <ClCompile Include="..\private\Component.cpp">
      <Filter>01.Utiltiy\04.Component</Filter>
    </ClCompile>
    <ClCompile Include="..\private\Renderer.cpp">
      <Filter>01.Utiltiy\04.Component\01. Renderer</Filter>
    </ClCompile>
    <ClCompile Include="..\Private\VIBuffer.cpp">
      <Filter>01.Utiltiy\04.Component\02. VIBuffer</Filter>
    </ClCompile>
    <ClCompile Include="..\Private\Shader.cpp">
      <Filter>01.Utiltiy\04.Component\03. Shader</Filter>
    </ClCompile>
    <ClCompile Include="..\Private\Texture.cpp">
      <Filter>01.Utiltiy\04.Component\04. Texture</Filter>
    </ClCompile>
    <ClCompile Include="..\Private\Utils.cpp">
      <Filter>01.Utiltiy\98. Utils</Filter>
    </ClCompile>
    <ClCompile Include="..\Private\Component_Manager.cpp">
      <Filter>01.Utiltiy\04.Component\00. Manager</Filter>
    </ClCompile>
    <ClCompile Include="..\Private\Transform.cpp">
      <Filter>01.Utiltiy\04.Component\05. Transform</Filter>
    </ClCompile>
    <ClCompile Include="..\Private\Model.cpp">
      <Filter>01.Utiltiy\04.Component\06. Model</Filter>
    </ClCompile>
    <ClCompile Include="..\Private\Animation.cpp">
      <Filter>01.Utiltiy\04.Component\06. Model\Animation</Filter>
    </ClCompile>
    <ClCompile Include="..\Private\Channel.cpp">
      <Filter>01.Utiltiy\04.Component\06. Model\Animation\Channel</Filter>
    </ClCompile>
    <ClCompile Include="..\Private\Camera.cpp">
      <Filter>01.Utiltiy\03.GameObjects\Camera</Filter>
    </ClCompile>
    <ClCompile Include="..\Private\HierarchyNode.cpp">
      <Filter>01.Utiltiy\04.Component\06. Model\HierarchyNode</Filter>
    </ClCompile>
    <ClCompile Include="..\Private\Mesh.cpp">
      <Filter>01.Utiltiy\04.Component\06. Model\MeshContainer</Filter>
    </ClCompile>
    <ClCompile Include="..\Private\PipeLine.cpp">
      <Filter>00.System\02. PipeLine</Filter>
    </ClCompile>
    <ClCompile Include="..\Private\Light_Manager.cpp">
      <Filter>00.System\03. Lights\Manager</Filter>
    </ClCompile>
    <ClCompile Include="..\Private\Light.cpp">
      <Filter>00.System\03. Lights</Filter>
    </ClCompile>
    <ClCompile Include="..\Private\VIBuffer_Rect.cpp">
      <Filter>01.Utiltiy\04.Component\02. VIBuffer\Rect</Filter>
    </ClCompile>
    <ClCompile Include="..\Private\Engine_Struct.cpp">
      <Filter>99.Defines</Filter>
    </ClCompile>
    <ClCompile Include="..\Private\Key_Manager.cpp">
      <Filter>00.System\04. Key</Filter>
    </ClCompile>
  </ItemGroup>
</Project>