<?xml version="1.0" encoding="utf-8"?>
<Project ToolsVersion="4.0" xmlns="http://schemas.microsoft.com/developer/msbuild/2003">
  <ItemGroup>
    <Filter Include="00.System">
      <UniqueIdentifier>{b2d479a3-55d6-47ab-adab-d90b4a5e750c}</UniqueIdentifier>
    </Filter>
    <Filter Include="01.Utiltiy">
      <UniqueIdentifier>{a3529259-ffc5-412e-9d9a-1e872134cec1}</UniqueIdentifier>
    </Filter>
    <Filter Include="01.Utiltiy\99.Super">
      <UniqueIdentifier>{27ae1524-ddaa-40e8-a2b1-7074a841dcc7}</UniqueIdentifier>
    </Filter>
    <Filter Include="99.Defines">
      <UniqueIdentifier>{cd0b9cfb-78f2-4c46-84e0-e82bbe5dae30}</UniqueIdentifier>
    </Filter>
    <Filter Include="00.System\00.Timer">
      <UniqueIdentifier>{cbd524ed-ae40-470c-b6d8-00f9f1af5ac8}</UniqueIdentifier>
    </Filter>
    <Filter Include="00.System\01.Device">
      <UniqueIdentifier>{1e2af600-6e9e-45e6-b2d3-0760ec2d75b8}</UniqueIdentifier>
    </Filter>
    <Filter Include="00.System\01.Device\Graphic">
      <UniqueIdentifier>{2c4888b0-db31-45ba-aa7a-78d5f0a2132d}</UniqueIdentifier>
    </Filter>
    <Filter Include="00.System\01.Device\Input">
      <UniqueIdentifier>{75b2ff63-23ce-4fa2-8ece-495b3ab3039f}</UniqueIdentifier>
    </Filter>
    <Filter Include="00.System\01.Device\Sound">
      <UniqueIdentifier>{17de0ee4-1c0e-4c51-976d-f48e8f089447}</UniqueIdentifier>
    </Filter>
    <Filter Include="00.System\00.Timer\Manager">
      <UniqueIdentifier>{a30b1084-b34e-419d-bb1d-1f1f5c8d3fd7}</UniqueIdentifier>
    </Filter>
    <Filter Include="01.Utiltiy\00.GameInstance">
      <UniqueIdentifier>{aa6f228e-028d-4efd-b2f3-39052d369412}</UniqueIdentifier>
    </Filter>
    <Filter Include="01.Utiltiy\98. Utils">
      <UniqueIdentifier>{ede3a70d-ed37-4bef-b5c7-5b7d814980f4}</UniqueIdentifier>
    </Filter>
    <Filter Include="00.System\02. PipeLine">
      <UniqueIdentifier>{d191d93f-d647-4adc-8e26-1b8c3968bf65}</UniqueIdentifier>
    </Filter>
    <Filter Include="00.System\03. Lights">
      <UniqueIdentifier>{9b3710b7-d866-4f9c-bd3d-a8f12544a94a}</UniqueIdentifier>
    </Filter>
    <Filter Include="00.System\03. Lights\Manager">
      <UniqueIdentifier>{d6886123-03e7-4e79-890a-2a7757df425e}</UniqueIdentifier>
    </Filter>
    <Filter Include="00.System\04. Key">
      <UniqueIdentifier>{7a87af19-0b8e-444b-99ed-ae323f63834e}</UniqueIdentifier>
    </Filter>
    <Filter Include="00.System\05. Fonts">
      <UniqueIdentifier>{03a0b80a-8fc8-41b9-a680-2e84b3f5a774}</UniqueIdentifier>
    </Filter>
    <Filter Include="00.System\05. Fonts\Manager">
      <UniqueIdentifier>{ea8c6c62-a5d9-426f-b12c-d4b31ea85da6}</UniqueIdentifier>
    </Filter>
    <Filter Include="00.System\05. Fonts\Font">
      <UniqueIdentifier>{e957814c-6d48-4eef-a4ec-70b9c6cd58d5}</UniqueIdentifier>
    </Filter>
    <Filter Include="01.Utiltiy\98. Utils\Debug_Draw">
      <UniqueIdentifier>{064d2f56-28b1-443d-ac9c-abfc78094fc3}</UniqueIdentifier>
    </Filter>
    <Filter Include="01.Utiltiy\01.Level">
      <UniqueIdentifier>{d2acafff-f010-42f6-92f5-eb2ab8db46b9}</UniqueIdentifier>
    </Filter>
    <Filter Include="01.Utiltiy\01.Level\Manager">
      <UniqueIdentifier>{d401dff7-3c68-47ac-9107-431b908baa1f}</UniqueIdentifier>
    </Filter>
    <Filter Include="01.Utiltiy\02.GameObjects">
      <UniqueIdentifier>{68ba6cd0-6b14-4dc9-9336-cec267f20f0d}</UniqueIdentifier>
    </Filter>
    <Filter Include="01.Utiltiy\02.GameObjects\00. Manager">
      <UniqueIdentifier>{e5b6768b-8e62-4930-8c6b-a6f1199ff91f}</UniqueIdentifier>
    </Filter>
    <Filter Include="01.Utiltiy\02.GameObjects\00. Manager\Layer">
      <UniqueIdentifier>{8c2666f7-7eb6-4c1f-98fa-b493cdf2443c}</UniqueIdentifier>
    </Filter>
    <Filter Include="01.Utiltiy\02.GameObjects\01. Camera">
      <UniqueIdentifier>{b499766b-d80b-4e53-9576-e6ef0c89bbbc}</UniqueIdentifier>
    </Filter>
    <Filter Include="01.Utiltiy\03.Component">
      <UniqueIdentifier>{2f7b0f55-c192-41e7-bb1e-3795db1aeefc}</UniqueIdentifier>
    </Filter>
    <Filter Include="01.Utiltiy\03.Component\00. Manager">
      <UniqueIdentifier>{8bbd81a9-95ab-4f92-bc4d-ac853884e638}</UniqueIdentifier>
    </Filter>
    <Filter Include="01.Utiltiy\03.Component\01. Renderer">
      <UniqueIdentifier>{15fe4fbd-6c18-467c-9742-0006c1b4371d}</UniqueIdentifier>
    </Filter>
    <Filter Include="01.Utiltiy\03.Component\02. VIBuffer">
      <UniqueIdentifier>{eb0138e8-590d-4bd6-bc94-809ce0e0d5af}</UniqueIdentifier>
    </Filter>
    <Filter Include="01.Utiltiy\03.Component\02. VIBuffer\Terrain">
      <UniqueIdentifier>{9d04d116-5d72-4285-9207-214bf7487f84}</UniqueIdentifier>
    </Filter>
    <Filter Include="01.Utiltiy\03.Component\02. VIBuffer\Terrain\QuadTree">
      <UniqueIdentifier>{64fbde0d-8ecd-4c28-a410-cd1f80d04432}</UniqueIdentifier>
    </Filter>
    <Filter Include="01.Utiltiy\03.Component\02. VIBuffer\Rect">
      <UniqueIdentifier>{6c257ca1-d39b-4b2d-a140-21f27556eefd}</UniqueIdentifier>
    </Filter>
    <Filter Include="01.Utiltiy\03.Component\02. VIBuffer\Particle">
      <UniqueIdentifier>{8a127f5b-7cea-4b5f-a091-26304663d1eb}</UniqueIdentifier>
    </Filter>
    <Filter Include="01.Utiltiy\03.Component\04. Texture">
      <UniqueIdentifier>{445db20a-a830-4dc1-bdf8-7a3a9cbb45e1}</UniqueIdentifier>
    </Filter>
    <Filter Include="01.Utiltiy\03.Component\05. Transform">
      <UniqueIdentifier>{37b928aa-12d2-40e1-9f44-3d087ec017eb}</UniqueIdentifier>
    </Filter>
    <Filter Include="01.Utiltiy\03.Component\06. Model">
      <UniqueIdentifier>{dc59df1b-4935-4056-82d0-d12eed44486a}</UniqueIdentifier>
    </Filter>
    <Filter Include="01.Utiltiy\03.Component\06. Model\Animation">
      <UniqueIdentifier>{72685385-8a9c-49bf-88d9-37196e8571e6}</UniqueIdentifier>
    </Filter>
    <Filter Include="01.Utiltiy\03.Component\06. Model\Animation\Channel">
      <UniqueIdentifier>{e17772b1-c0ea-476e-97a0-ed210da6160f}</UniqueIdentifier>
    </Filter>
    <Filter Include="01.Utiltiy\03.Component\06. Model\HierarchyNode">
      <UniqueIdentifier>{0868a72e-ad37-4734-97e4-37ba0027defa}</UniqueIdentifier>
    </Filter>
    <Filter Include="01.Utiltiy\03.Component\06. Model\Mesh">
      <UniqueIdentifier>{5b64ff7d-ec4a-40c1-b063-16459f9af01c}</UniqueIdentifier>
    </Filter>
    <Filter Include="01.Utiltiy\03.Component\07. StateMachine">
      <UniqueIdentifier>{8d86628d-dc52-4ed0-8a10-0b139744439c}</UniqueIdentifier>
    </Filter>
    <Filter Include="01.Utiltiy\03.Component\07. StateMachine\State">
      <UniqueIdentifier>{bbb352f5-f29c-4f9f-b265-a965efb147bd}</UniqueIdentifier>
    </Filter>
    <Filter Include="01.Utiltiy\03.Component\08. RigidBody">
      <UniqueIdentifier>{6dbc72dd-ea57-448b-9ae5-1ab0a3691faa}</UniqueIdentifier>
    </Filter>
    <Filter Include="01.Utiltiy\04. RenderTarget">
      <UniqueIdentifier>{094abac2-e051-4c6c-a95a-e080453a6ea8}</UniqueIdentifier>
    </Filter>
    <Filter Include="01.Utiltiy\04. RenderTarget\Manager">
      <UniqueIdentifier>{8e13a1ed-b597-4309-a5e0-8b12801b47b7}</UniqueIdentifier>
    </Filter>
    <Filter Include="01.Utiltiy\05. Model_Manager">
      <UniqueIdentifier>{855daea8-1daf-4a71-bee6-d2dcb3b418a7}</UniqueIdentifier>
    </Filter>
    <Filter Include="02. Network">
      <UniqueIdentifier>{ce4bd7f5-408b-46ea-bb4d-0af3b386288d}</UniqueIdentifier>
    </Filter>
    <Filter Include="02. Network\00. Memory">
      <UniqueIdentifier>{b9b08e97-7c3b-437a-bd03-aef6a02c8f9c}</UniqueIdentifier>
    </Filter>
    <Filter Include="02. Network\01. Network">
      <UniqueIdentifier>{d7976ee9-8821-4347-82f1-34f217dd4667}</UniqueIdentifier>
    </Filter>
    <Filter Include="02. Network\02. Thread">
      <UniqueIdentifier>{1ad1f034-47b9-4c98-9dba-51b88bfc137b}</UniqueIdentifier>
    </Filter>
    <Filter Include="02. Network\01. Network\Buffer">
      <UniqueIdentifier>{d0d31dfe-eb83-4228-aebc-4650f13dd8a2}</UniqueIdentifier>
    </Filter>
    <Filter Include="02. Network\01. Network\Buffer\Read">
      <UniqueIdentifier>{efa6efa8-62b5-4832-be61-2aa6f2532da3}</UniqueIdentifier>
    </Filter>
    <Filter Include="02. Network\01. Network\Buffer\Write">
      <UniqueIdentifier>{d0b5e1f3-60f1-4463-9b66-f1275ef65ae5}</UniqueIdentifier>
    </Filter>
    <Filter Include="02. Network\01. Network\Iocp">
      <UniqueIdentifier>{bc347c11-12b6-4e7b-a27c-79faf3fe8a66}</UniqueIdentifier>
    </Filter>
    <Filter Include="02. Network\01. Network\Listener">
      <UniqueIdentifier>{943c691c-2bfe-41f9-9fa5-fcd18f18ba7f}</UniqueIdentifier>
    </Filter>
    <Filter Include="02. Network\01. Network\NetAddress">
      <UniqueIdentifier>{72251328-b76c-414f-992c-69ae225ffddb}</UniqueIdentifier>
    </Filter>
    <Filter Include="02. Network\01. Network\Buffer\Recv">
      <UniqueIdentifier>{8d6e8ef6-0586-4458-8d20-5943ee4ebb0e}</UniqueIdentifier>
    </Filter>
    <Filter Include="02. Network\01. Network\Buffer\Send">
      <UniqueIdentifier>{ea671a5c-468b-40c1-90e4-fd57e0697d68}</UniqueIdentifier>
    </Filter>
    <Filter Include="02. Network\01. Network\Service">
      <UniqueIdentifier>{ddfa6069-ca0b-4acb-b94b-bdaaf731d541}</UniqueIdentifier>
    </Filter>
    <Filter Include="02. Network\01. Network\Session">
      <UniqueIdentifier>{8936eed7-bcbf-457e-9a88-e2f87f74fe8d}</UniqueIdentifier>
    </Filter>
    <Filter Include="02. Network\01. Network\SocketUtils">
      <UniqueIdentifier>{7198fa5b-0b50-4b6d-b8b2-a54a3813466f}</UniqueIdentifier>
    </Filter>
    <Filter Include="01.Utiltiy\03.Component\09. Navigation">
      <UniqueIdentifier>{63fa899c-a352-4c9e-ae44-cae563367671}</UniqueIdentifier>
    </Filter>
    <Filter Include="01.Utiltiy\03.Component\09. Navigation\Cell">
      <UniqueIdentifier>{07a0569f-1716-46bc-8e6d-6d6dd3dc81a2}</UniqueIdentifier>
    </Filter>
    <Filter Include="01.Utiltiy\03.Component\02. VIBuffer\Cell">
      <UniqueIdentifier>{fba7d853-b41b-4c06-b300-2d6c58e531a4}</UniqueIdentifier>
    </Filter>
    <Filter Include="01.Utiltiy\03.Component\09. Navigation\Cell\Shader">
      <UniqueIdentifier>{10d80c0e-a39b-4547-bc29-ebf8c262ed23}</UniqueIdentifier>
    </Filter>
    <Filter Include="01.Utiltiy\03.Component\10. Collider">
      <UniqueIdentifier>{b944c4e3-103e-465d-8a44-69f47ceb223e}</UniqueIdentifier>
    </Filter>
    <Filter Include="01.Utiltiy\03.Component\10. Collider\Manager">
      <UniqueIdentifier>{a6e0babe-4c8b-4065-8c1c-15aa451309cb}</UniqueIdentifier>
    </Filter>
    <Filter Include="01.Utiltiy\03.Component\10. Collider\AABB">
      <UniqueIdentifier>{647f9c45-754a-4dd8-9136-bea7febe674b}</UniqueIdentifier>
    </Filter>
    <Filter Include="01.Utiltiy\03.Component\10. Collider\Sphere">
      <UniqueIdentifier>{2ad07e1f-f966-4311-bc1d-3d6167b84f88}</UniqueIdentifier>
    </Filter>
    <Filter Include="01.Utiltiy\03.Component\02. VIBuffer\Instancing">
      <UniqueIdentifier>{c8aaaeaf-9658-42fb-8827-3c0a1bb2b58e}</UniqueIdentifier>
    </Filter>
    <Filter Include="01.Utiltiy\03.Component\02. VIBuffer\Cube">
      <UniqueIdentifier>{02fd9e87-474b-48c9-aa7c-952b1c5f5856}</UniqueIdentifier>
    </Filter>
    <Filter Include="01.Utiltiy\06. PhysicsManager">
      <UniqueIdentifier>{e26d91f2-ce4c-474b-9955-154ffc88cbd8}</UniqueIdentifier>
    </Filter>
    <Filter Include="01.Utiltiy\03.Component\03. Shader">
      <UniqueIdentifier>{ae1b5658-3515-477e-aa12-9972107b50c4}</UniqueIdentifier>
    </Filter>
    <Filter Include="01.Utiltiy\97. ShaderFiles">
      <UniqueIdentifier>{8fa7b1dc-e34f-4049-afc5-bb12e296a974}</UniqueIdentifier>
    </Filter>
    <Filter Include="01.Utiltiy\03.Component\02. VIBuffer\Instancing\Rect">
      <UniqueIdentifier>{b298ffe8-d81c-4b40-9ff5-6207c654c66a}</UniqueIdentifier>
    </Filter>
    <Filter Include="01.Utiltiy\03.Component\02. VIBuffer\Instancing\Point">
      <UniqueIdentifier>{ef38afe6-1cfd-4244-a6d4-9f3dad6a537a}</UniqueIdentifier>
    </Filter>
    <Filter Include="01.Utiltiy\03.Component\02. VIBuffer\Instancing\Model">
      <UniqueIdentifier>{8348d9e7-d8aa-4594-8cc2-4055ed74034e}</UniqueIdentifier>
    </Filter>
    <Filter Include="01.Utiltiy\07. Frustum">
      <UniqueIdentifier>{2d646b6c-06a6-41d9-a9c3-4a18d9779c86}</UniqueIdentifier>
    </Filter>
    <Filter Include="01.Utiltiy\08. SoundManager">
      <UniqueIdentifier>{12338d7c-f1af-403a-93a7-f7c7b64972ad}</UniqueIdentifier>
    </Filter>
    <Filter Include="01.Utiltiy\03.Component\10. Collider\OBB">
      <UniqueIdentifier>{f2ca6f38-bba7-4d03-8e64-1823311d1d7a}</UniqueIdentifier>
    </Filter>
  </ItemGroup>
  <ItemGroup>
    <ClInclude Include="..\public\Base.h">
      <Filter>01.Utiltiy\99.Super</Filter>
    </ClInclude>
    <ClInclude Include="..\Public\Engine_Defines.h">
      <Filter>99.Defines</Filter>
    </ClInclude>
    <ClInclude Include="..\Public\Engine_Macro.h">
      <Filter>99.Defines</Filter>
    </ClInclude>
    <ClInclude Include="..\Public\Engine_Struct.h">
      <Filter>99.Defines</Filter>
    </ClInclude>
    <ClInclude Include="..\Public\Engine_Typedef.h">
      <Filter>99.Defines</Filter>
    </ClInclude>
    <ClInclude Include="..\Public\Engine_Function.h">
      <Filter>99.Defines</Filter>
    </ClInclude>
    <ClInclude Include="..\Public\Timer.h">
      <Filter>00.System\00.Timer</Filter>
    </ClInclude>
    <ClInclude Include="..\Public\Timer_Manager.h">
      <Filter>00.System\00.Timer\Manager</Filter>
    </ClInclude>
    <ClInclude Include="..\Public\Graphic_Device.h">
      <Filter>00.System\01.Device\Graphic</Filter>
    </ClInclude>
    <ClInclude Include="..\public\GameInstance.h">
      <Filter>01.Utiltiy\00.GameInstance</Filter>
    </ClInclude>
    <ClInclude Include="..\public\Level.h">
      <Filter>01.Utiltiy\01.Level</Filter>
    </ClInclude>
    <ClInclude Include="..\public\Level_Manager.h">
      <Filter>01.Utiltiy\01.Level\Manager</Filter>
    </ClInclude>
    <ClInclude Include="..\public\GameObject.h">
      <Filter>01.Utiltiy\02.GameObjects</Filter>
    </ClInclude>
    <ClInclude Include="..\public\Object_Manager.h">
      <Filter>01.Utiltiy\02.GameObjects\00. Manager</Filter>
    </ClInclude>
    <ClInclude Include="..\public\Layer.h">
      <Filter>01.Utiltiy\02.GameObjects\00. Manager\Layer</Filter>
    </ClInclude>
    <ClInclude Include="..\public\Component.h">
      <Filter>01.Utiltiy\03.Component</Filter>
    </ClInclude>
    <ClInclude Include="..\public\Renderer.h">
      <Filter>01.Utiltiy\03.Component\01. Renderer</Filter>
    </ClInclude>
    <ClInclude Include="..\Public\VIBuffer.h">
      <Filter>01.Utiltiy\03.Component\02. VIBuffer</Filter>
    </ClInclude>
    <ClInclude Include="..\Public\Shader.h">
      <Filter>01.Utiltiy\03.Component\03. Shader</Filter>
    </ClInclude>
    <ClInclude Include="..\Public\Texture.h">
      <Filter>01.Utiltiy\03.Component\04. Texture</Filter>
    </ClInclude>
    <ClInclude Include="..\Public\Utils.h">
      <Filter>01.Utiltiy\98. Utils</Filter>
    </ClInclude>
    <ClInclude Include="..\Public\Component_Manager.h">
      <Filter>01.Utiltiy\03.Component\00. Manager</Filter>
    </ClInclude>
    <ClInclude Include="..\Public\Transform.h">
      <Filter>01.Utiltiy\03.Component\05. Transform</Filter>
    </ClInclude>
    <ClInclude Include="..\Public\Model.h">
      <Filter>01.Utiltiy\03.Component\06. Model</Filter>
    </ClInclude>
    <ClInclude Include="..\Public\HierarchyNode.h">
      <Filter>01.Utiltiy\03.Component\06. Model\HierarchyNode</Filter>
    </ClInclude>
    <ClInclude Include="..\Public\Animation.h">
      <Filter>01.Utiltiy\03.Component\06. Model\Animation</Filter>
    </ClInclude>
    <ClInclude Include="..\Public\Channel.h">
      <Filter>01.Utiltiy\03.Component\06. Model\Animation\Channel</Filter>
    </ClInclude>
    <ClInclude Include="..\Public\Mesh.h">
      <Filter>01.Utiltiy\03.Component\06. Model\Mesh</Filter>
    </ClInclude>
    <ClInclude Include="..\Public\Camera.h">
      <Filter>01.Utiltiy\02.GameObjects\01. Camera</Filter>
    </ClInclude>
    <ClInclude Include="..\Public\PipeLine.h">
      <Filter>00.System\02. PipeLine</Filter>
    </ClInclude>
    <ClInclude Include="..\Public\Light_Manager.h">
      <Filter>00.System\03. Lights\Manager</Filter>
    </ClInclude>
    <ClInclude Include="..\Public\Light.h">
      <Filter>00.System\03. Lights</Filter>
    </ClInclude>
    <ClInclude Include="..\Public\VIBuffer_Rect.h">
      <Filter>01.Utiltiy\03.Component\02. VIBuffer\Rect</Filter>
    </ClInclude>
    <ClInclude Include="..\Public\Key_Manager.h">
      <Filter>00.System\04. Key</Filter>
    </ClInclude>
    <ClInclude Include="..\Public\Engine_Enum.h">
      <Filter>99.Defines</Filter>
    </ClInclude>
    <ClInclude Include="..\Public\Input_Device.h">
      <Filter>00.System\01.Device\Input</Filter>
    </ClInclude>
    <ClInclude Include="..\Public\State.h">
      <Filter>01.Utiltiy\03.Component\07. StateMachine\State</Filter>
    </ClInclude>
    <ClInclude Include="..\Public\StateMachine.h">
      <Filter>01.Utiltiy\03.Component\07. StateMachine</Filter>
    </ClInclude>
    <ClInclude Include="..\Public\tinyxml2.h">
      <Filter>01.Utiltiy\98. Utils</Filter>
    </ClInclude>
    <ClInclude Include="..\Public\VIBuffer_Terrain.h">
      <Filter>01.Utiltiy\03.Component\02. VIBuffer\Terrain</Filter>
    </ClInclude>
    <ClInclude Include="..\Public\Font_Manager.h">
      <Filter>00.System\05. Fonts\Manager</Filter>
    </ClInclude>
    <ClInclude Include="..\Public\CustomFont.h">
      <Filter>00.System\05. Fonts</Filter>
    </ClInclude>
    <ClInclude Include="..\Public\DebugDraw.h">
      <Filter>01.Utiltiy\98. Utils\Debug_Draw</Filter>
    </ClInclude>
    <ClInclude Include="..\Public\FileUtils.h">
      <Filter>01.Utiltiy\98. Utils</Filter>
    </ClInclude>
    <ClInclude Include="..\Public\Model_Manager.h">
      <Filter>01.Utiltiy\05. Model_Manager</Filter>
    </ClInclude>
    <ClInclude Include="..\Public\VIBuffer_Particle.h">
      <Filter>01.Utiltiy\03.Component\02. VIBuffer\Particle</Filter>
    </ClInclude>
    <ClInclude Include="..\Public\Network\Allocator.h">
      <Filter>02. Network\00. Memory</Filter>
    </ClInclude>
    <ClInclude Include="..\Public\Network\MemoryPool.h">
      <Filter>02. Network\00. Memory</Filter>
    </ClInclude>
    <ClInclude Include="..\Public\Network\CoreTLS.h">
      <Filter>99.Defines</Filter>
    </ClInclude>
    <ClInclude Include="..\Public\Network\ServerMemory.h">
      <Filter>02. Network\00. Memory</Filter>
    </ClInclude>
    <ClInclude Include="..\Public\Network\ObjectPool.h">
      <Filter>02. Network\00. Memory</Filter>
    </ClInclude>
    <ClInclude Include="..\Public\Network\DeadLockProfiler.h">
      <Filter>02. Network\02. Thread</Filter>
    </ClInclude>
    <ClInclude Include="..\Public\Network\Lock.h">
      <Filter>02. Network\02. Thread</Filter>
    </ClInclude>
    <ClInclude Include="..\Public\Network\ThreadManager.h">
      <Filter>02. Network\02. Thread</Filter>
    </ClInclude>
    <ClInclude Include="..\Public\Network\BufferReader.h">
      <Filter>02. Network\01. Network\Buffer\Read</Filter>
    </ClInclude>
    <ClInclude Include="..\Public\Network\BufferWriter.h">
      <Filter>02. Network\01. Network\Buffer\Write</Filter>
    </ClInclude>
    <ClInclude Include="..\Public\Network\IocpCore.h">
      <Filter>02. Network\01. Network\Iocp</Filter>
    </ClInclude>
    <ClInclude Include="..\Public\Network\IocpEvent.h">
      <Filter>02. Network\01. Network\Iocp</Filter>
    </ClInclude>
    <ClInclude Include="..\Public\Network\Listener.h">
      <Filter>02. Network\01. Network\Listener</Filter>
    </ClInclude>
    <ClInclude Include="..\Public\Network\NetAddress.h">
      <Filter>02. Network\01. Network\NetAddress</Filter>
    </ClInclude>
    <ClInclude Include="..\Public\Network\SendBuffer.h">
      <Filter>02. Network\01. Network\Buffer\Send</Filter>
    </ClInclude>
    <ClInclude Include="..\Public\Network\RecvBuffer.h">
      <Filter>02. Network\01. Network\Buffer\Recv</Filter>
    </ClInclude>
    <ClInclude Include="..\Public\Network\Service.h">
      <Filter>02. Network\01. Network\Service</Filter>
    </ClInclude>
    <ClInclude Include="..\Public\Network\Session.h">
      <Filter>02. Network\01. Network\Session</Filter>
    </ClInclude>
    <ClInclude Include="..\Public\Network\SocketUtils.h">
      <Filter>02. Network\01. Network\SocketUtils</Filter>
    </ClInclude>
    <ClInclude Include="..\Public\RigidBody.h">
      <Filter>01.Utiltiy\03.Component\08. RigidBody</Filter>
    </ClInclude>
    <ClInclude Include="..\Public\Navigation.h">
      <Filter>01.Utiltiy\03.Component\09. Navigation</Filter>
    </ClInclude>
    <ClInclude Include="..\Public\Cell.h">
      <Filter>01.Utiltiy\03.Component\09. Navigation\Cell</Filter>
    </ClInclude>
    <ClInclude Include="..\Public\VIBuffer_Cell.h">
      <Filter>01.Utiltiy\03.Component\02. VIBuffer\Cell</Filter>
    </ClInclude>
    <ClInclude Include="..\Public\Collider.h">
      <Filter>01.Utiltiy\03.Component\10. Collider</Filter>
    </ClInclude>
    <ClInclude Include="..\Public\Collision_Manager.h">
      <Filter>01.Utiltiy\03.Component\10. Collider\Manager</Filter>
    </ClInclude>
    <ClInclude Include="..\Public\Collider_Sphere.h">
      <Filter>01.Utiltiy\03.Component\10. Collider\Sphere</Filter>
    </ClInclude>
    <ClInclude Include="..\Public\Collider_AABB.h">
      <Filter>01.Utiltiy\03.Component\10. Collider\AABB</Filter>
    </ClInclude>
    <ClInclude Include="..\Public\VIBuffer_Cube.h">
      <Filter>01.Utiltiy\03.Component\02. VIBuffer\Cube</Filter>
    </ClInclude>
    <ClInclude Include="..\Public\PhysicsX_Manager.h">
      <Filter>01.Utiltiy\06. PhysicsManager</Filter>
    </ClInclude>
    <ClInclude Include="..\Public\Target_Manager.h">
      <Filter>01.Utiltiy\04. RenderTarget\Manager</Filter>
    </ClInclude>
    <ClInclude Include="..\Public\RenderTarget.h">
      <Filter>01.Utiltiy\04. RenderTarget</Filter>
    </ClInclude>
    <ClInclude Include="..\Public\VIBuffer_Instancing.h">
      <Filter>01.Utiltiy\03.Component\02. VIBuffer\Instancing</Filter>
    </ClInclude>
    <ClInclude Include="..\Public\Frustum.h">
      <Filter>01.Utiltiy\07. Frustum</Filter>
    </ClInclude>
    <ClInclude Include="..\Public\Collider_OBB.h">
      <Filter>01.Utiltiy\03.Component\10. Collider\OBB</Filter>
    </ClInclude>
    <ClInclude Include="..\Public\Sound_Manager.h">
      <Filter>01.Utiltiy\08. SoundManager</Filter>
    </ClInclude>
  </ItemGroup>
  <ItemGroup>
    <ClCompile Include="..\private\Base.cpp">
      <Filter>01.Utiltiy\99.Super</Filter>
    </ClCompile>
    <ClCompile Include="..\Private\Timer.cpp">
      <Filter>00.System\00.Timer</Filter>
    </ClCompile>
    <ClCompile Include="..\Private\Timer_Manager.cpp">
      <Filter>00.System\00.Timer\Manager</Filter>
    </ClCompile>
    <ClCompile Include="..\Private\Graphic_Device.cpp">
      <Filter>00.System\01.Device\Graphic</Filter>
    </ClCompile>
    <ClCompile Include="..\private\GameInstance.cpp">
      <Filter>01.Utiltiy\00.GameInstance</Filter>
    </ClCompile>
    <ClCompile Include="..\private\Level.cpp">
      <Filter>01.Utiltiy\01.Level</Filter>
    </ClCompile>
    <ClCompile Include="..\private\Level_Manager.cpp">
      <Filter>01.Utiltiy\01.Level\Manager</Filter>
    </ClCompile>
    <ClCompile Include="..\private\GameObject.cpp">
      <Filter>01.Utiltiy\02.GameObjects</Filter>
    </ClCompile>
    <ClCompile Include="..\private\Object_Manager.cpp">
      <Filter>01.Utiltiy\02.GameObjects\00. Manager</Filter>
    </ClCompile>
    <ClCompile Include="..\private\Layer.cpp">
      <Filter>01.Utiltiy\02.GameObjects\00. Manager\Layer</Filter>
    </ClCompile>
    <ClCompile Include="..\private\Component.cpp">
      <Filter>01.Utiltiy\03.Component</Filter>
    </ClCompile>
    <ClCompile Include="..\private\Renderer.cpp">
      <Filter>01.Utiltiy\03.Component\01. Renderer</Filter>
    </ClCompile>
    <ClCompile Include="..\Private\VIBuffer.cpp">
      <Filter>01.Utiltiy\03.Component\02. VIBuffer</Filter>
    </ClCompile>
    <ClCompile Include="..\Private\Shader.cpp">
      <Filter>01.Utiltiy\03.Component\03. Shader</Filter>
    </ClCompile>
    <ClCompile Include="..\Private\Texture.cpp">
      <Filter>01.Utiltiy\03.Component\04. Texture</Filter>
    </ClCompile>
    <ClCompile Include="..\Private\Utils.cpp">
      <Filter>01.Utiltiy\98. Utils</Filter>
    </ClCompile>
    <ClCompile Include="..\Private\Component_Manager.cpp">
      <Filter>01.Utiltiy\03.Component\00. Manager</Filter>
    </ClCompile>
    <ClCompile Include="..\Private\Transform.cpp">
      <Filter>01.Utiltiy\03.Component\05. Transform</Filter>
    </ClCompile>
    <ClCompile Include="..\Private\Model.cpp">
      <Filter>01.Utiltiy\03.Component\06. Model</Filter>
    </ClCompile>
    <ClCompile Include="..\Private\Channel.cpp">
      <Filter>01.Utiltiy\03.Component\06. Model\Animation\Channel</Filter>
    </ClCompile>
    <ClCompile Include="..\Private\Camera.cpp">
      <Filter>01.Utiltiy\02.GameObjects\01. Camera</Filter>
    </ClCompile>
    <ClCompile Include="..\Private\HierarchyNode.cpp">
      <Filter>01.Utiltiy\03.Component\06. Model\HierarchyNode</Filter>
    </ClCompile>
    <ClCompile Include="..\Private\Mesh.cpp">
      <Filter>01.Utiltiy\03.Component\06. Model\Mesh</Filter>
    </ClCompile>
    <ClCompile Include="..\Private\PipeLine.cpp">
      <Filter>00.System\02. PipeLine</Filter>
    </ClCompile>
    <ClCompile Include="..\Private\Light_Manager.cpp">
      <Filter>00.System\03. Lights\Manager</Filter>
    </ClCompile>
    <ClCompile Include="..\Private\Light.cpp">
      <Filter>00.System\03. Lights</Filter>
    </ClCompile>
    <ClCompile Include="..\Private\VIBuffer_Rect.cpp">
      <Filter>01.Utiltiy\03.Component\02. VIBuffer\Rect</Filter>
    </ClCompile>
    <ClCompile Include="..\Private\Engine_Struct.cpp">
      <Filter>99.Defines</Filter>
    </ClCompile>
    <ClCompile Include="..\Private\Key_Manager.cpp">
      <Filter>00.System\04. Key</Filter>
    </ClCompile>
    <ClCompile Include="..\Private\Input_Device.cpp">
      <Filter>00.System\01.Device\Input</Filter>
    </ClCompile>
    <ClCompile Include="..\Private\Animation.cpp">
      <Filter>01.Utiltiy\03.Component\06. Model\Animation</Filter>
    </ClCompile>
    <ClCompile Include="..\Private\State.cpp">
      <Filter>01.Utiltiy\03.Component\07. StateMachine\State</Filter>
    </ClCompile>
    <ClCompile Include="..\Private\StateMachine.cpp">
      <Filter>01.Utiltiy\03.Component\07. StateMachine</Filter>
    </ClCompile>
    <ClCompile Include="..\Private\tinyxml2.cpp">
      <Filter>01.Utiltiy\98. Utils</Filter>
    </ClCompile>
    <ClCompile Include="..\Private\VIBuffer_Terrain.cpp">
      <Filter>01.Utiltiy\03.Component\02. VIBuffer\Terrain</Filter>
    </ClCompile>
    <ClCompile Include="..\Private\Font_Manager.cpp">
      <Filter>00.System\05. Fonts\Manager</Filter>
    </ClCompile>
    <ClCompile Include="..\Private\CustomFont.cpp">
      <Filter>00.System\05. Fonts</Filter>
    </ClCompile>
    <ClCompile Include="..\Private\DebugDraw.cpp">
      <Filter>01.Utiltiy\98. Utils\Debug_Draw</Filter>
    </ClCompile>
    <ClCompile Include="..\Private\FileUtils.cpp">
      <Filter>01.Utiltiy\98. Utils</Filter>
    </ClCompile>
    <ClCompile Include="..\Private\Model_Manager.cpp">
      <Filter>01.Utiltiy\05. Model_Manager</Filter>
    </ClCompile>
    <ClCompile Include="..\Private\VIBuffer_Particle.cpp">
      <Filter>01.Utiltiy\03.Component\02. VIBuffer\Particle</Filter>
    </ClCompile>
    <ClCompile Include="..\Private\Allocator.cpp">
      <Filter>02. Network\00. Memory</Filter>
    </ClCompile>
    <ClCompile Include="..\Private\MemoryPool.cpp">
      <Filter>02. Network\00. Memory</Filter>
    </ClCompile>
    <ClCompile Include="..\Private\ServerMemory.cpp">
      <Filter>02. Network\00. Memory</Filter>
    </ClCompile>
    <ClCompile Include="..\Private\DeadLockProfiler.cpp">
      <Filter>02. Network\02. Thread</Filter>
    </ClCompile>
    <ClCompile Include="..\Private\Lock.cpp">
      <Filter>02. Network\02. Thread</Filter>
    </ClCompile>
    <ClCompile Include="..\Private\ThreadManager.cpp">
      <Filter>02. Network\02. Thread</Filter>
    </ClCompile>
    <ClCompile Include="..\Private\CoreTLS.cpp">
      <Filter>99.Defines</Filter>
    </ClCompile>
    <ClCompile Include="..\Private\BufferReader.cpp">
      <Filter>02. Network\01. Network\Buffer\Read</Filter>
    </ClCompile>
    <ClCompile Include="..\Private\BufferWriter.cpp">
      <Filter>02. Network\01. Network\Buffer\Write</Filter>
    </ClCompile>
    <ClCompile Include="..\Private\IocpCore.cpp">
      <Filter>02. Network\01. Network\Iocp</Filter>
    </ClCompile>
    <ClCompile Include="..\Private\IocpEvent.cpp">
      <Filter>02. Network\01. Network\Iocp</Filter>
    </ClCompile>
    <ClCompile Include="..\Private\Listener.cpp">
      <Filter>02. Network\01. Network\Listener</Filter>
    </ClCompile>
    <ClCompile Include="..\Private\NetAddress.cpp">
      <Filter>02. Network\01. Network\NetAddress</Filter>
    </ClCompile>
    <ClCompile Include="..\Private\SendBuffer.cpp">
      <Filter>02. Network\01. Network\Buffer\Send</Filter>
    </ClCompile>
    <ClCompile Include="..\Private\RecvBuffer.cpp">
      <Filter>02. Network\01. Network\Buffer\Recv</Filter>
    </ClCompile>
    <ClCompile Include="..\Private\Service.cpp">
      <Filter>02. Network\01. Network\Service</Filter>
    </ClCompile>
    <ClCompile Include="..\Private\Session.cpp">
      <Filter>02. Network\01. Network\Session</Filter>
    </ClCompile>
    <ClCompile Include="..\Private\SocketUtils.cpp">
      <Filter>02. Network\01. Network\SocketUtils</Filter>
    </ClCompile>
    <ClCompile Include="..\Private\Navigation.cpp">
      <Filter>01.Utiltiy\03.Component\09. Navigation</Filter>
    </ClCompile>
    <ClCompile Include="..\Private\Cell.cpp">
      <Filter>01.Utiltiy\03.Component\09. Navigation\Cell</Filter>
    </ClCompile>
    <ClCompile Include="..\Private\VIBuffer_Cell.cpp">
      <Filter>01.Utiltiy\03.Component\02. VIBuffer\Cell</Filter>
    </ClCompile>
    <ClCompile Include="..\Private\Collider.cpp">
      <Filter>01.Utiltiy\03.Component\10. Collider</Filter>
    </ClCompile>
    <ClCompile Include="..\Private\RigidBody.cpp">
      <Filter>01.Utiltiy\03.Component\08. RigidBody</Filter>
    </ClCompile>
    <ClCompile Include="..\Private\Collision_Manager.cpp">
      <Filter>01.Utiltiy\03.Component\10. Collider\Manager</Filter>
    </ClCompile>
    <ClCompile Include="..\Private\Collider_Sphere.cpp">
      <Filter>01.Utiltiy\03.Component\10. Collider\Sphere</Filter>
    </ClCompile>
    <ClCompile Include="..\Private\Collider_AABB.cpp">
      <Filter>01.Utiltiy\03.Component\10. Collider\AABB</Filter>
    </ClCompile>
    <ClCompile Include="..\Private\VIBuffer_Cube.cpp">
      <Filter>01.Utiltiy\03.Component\02. VIBuffer\Cube</Filter>
    </ClCompile>
    <ClCompile Include="..\Private\PhysicsX_Manager.cpp">
      <Filter>01.Utiltiy\06. PhysicsManager</Filter>
    </ClCompile>
    <ClCompile Include="..\Private\Target_Manager.cpp">
      <Filter>01.Utiltiy\04. RenderTarget\Manager</Filter>
    </ClCompile>
    <ClCompile Include="..\Private\RenderTarget.cpp">
      <Filter>01.Utiltiy\04. RenderTarget</Filter>
    </ClCompile>
    <ClCompile Include="..\Private\VIBuffer_Instancing.cpp">
      <Filter>01.Utiltiy\03.Component\02. VIBuffer\Instancing</Filter>
    </ClCompile>
    <ClCompile Include="..\Private\Frustum.cpp">
      <Filter>01.Utiltiy\07. Frustum</Filter>
    </ClCompile>
    <ClCompile Include="..\Private\Collider_OBB.cpp">
      <Filter>01.Utiltiy\03.Component\10. Collider\OBB</Filter>
    </ClCompile>
    <ClCompile Include="..\Private\Sound_Manager.cpp">
      <Filter>01.Utiltiy\08. SoundManager</Filter>
    </ClCompile>
  </ItemGroup>
  <ItemGroup>
    <FxCompile Include="..\Bin\ShaderFiles\Shader_Cell.hlsl">
      <Filter>01.Utiltiy\97. ShaderFiles</Filter>
    </FxCompile>
    <FxCompile Include="..\Bin\ShaderFiles\Shader_Deferred.hlsl">
      <Filter>01.Utiltiy\97. ShaderFiles</Filter>
    </FxCompile>
  </ItemGroup>
</Project>