<?xml version="1.0" encoding="utf-8"?>
<Project ToolsVersion="4.0" xmlns="http://schemas.microsoft.com/developer/msbuild/2003">
  <ItemGroup>
    <Filter Include="98.Default">
      <UniqueIdentifier>{068ac4ae-308f-439b-8a7d-d5b077bfb9ee}</UniqueIdentifier>
    </Filter>
    <Filter Include="99.Defines">
      <UniqueIdentifier>{2bded693-1033-4e35-ab2d-2f7f292e232a}</UniqueIdentifier>
    </Filter>
    <Filter Include="00.MainApp">
      <UniqueIdentifier>{016817f4-efd3-4ed6-ba0e-c59d21242465}</UniqueIdentifier>
    </Filter>
    <Filter Include="01.Levels">
      <UniqueIdentifier>{9927bfef-90a5-4e11-8212-cacd67d008c7}</UniqueIdentifier>
    </Filter>
    <Filter Include="01.Levels\00.Logo">
      <UniqueIdentifier>{f7bf0f5d-9c1a-409d-ba96-8f25a183dad7}</UniqueIdentifier>
    </Filter>
    <Filter Include="01.Levels\01.GamePlay">
      <UniqueIdentifier>{001c8170-e0a0-429b-96c3-38ac67fa7a9c}</UniqueIdentifier>
    </Filter>
    <Filter Include="01.Levels\99.Loading">
      <UniqueIdentifier>{d3df9124-96f6-4c1d-a02e-1d2d51e29c9b}</UniqueIdentifier>
    </Filter>
    <Filter Include="01.Levels\99.Loading\Loader">
      <UniqueIdentifier>{04c05968-cb34-4cec-89e2-639b898c25fc}</UniqueIdentifier>
    </Filter>
    <Filter Include="02.GameObjects">
      <UniqueIdentifier>{d435cd37-10c5-4f6c-a2f1-ee72504bbb59}</UniqueIdentifier>
    </Filter>
    <Filter Include="02.GameObjects\BackGround">
      <UniqueIdentifier>{327a42a0-45f0-4b4d-b8cd-bb209baedc94}</UniqueIdentifier>
    </Filter>
    <Filter Include="02.GameObjects\Player">
      <UniqueIdentifier>{d26bf6ee-8989-439a-89bb-3c4c11da2bdc}</UniqueIdentifier>
    </Filter>
    <Filter Include="97. ShaderFiles">
      <UniqueIdentifier>{97b53119-8317-43a4-a8ee-44ae8e440ad2}</UniqueIdentifier>
    </Filter>
    <Filter Include="02.GameObjects\Camera">
      <UniqueIdentifier>{91ff704d-cfae-4d8f-8be1-b64393bcf977}</UniqueIdentifier>
    </Filter>
    <Filter Include="96. Manager">
      <UniqueIdentifier>{c37011bc-5412-406d-a7cf-28e2a3b42769}</UniqueIdentifier>
    </Filter>
    <Filter Include="96. Manager\ImGui">
      <UniqueIdentifier>{bae7db16-1d51-4a5c-a0e3-bc34069d9acd}</UniqueIdentifier>
    </Filter>
    <Filter Include="96. Manager\ImGui\Libs">
      <UniqueIdentifier>{13a1723b-7fbe-4476-8b56-eb612d652727}</UniqueIdentifier>
    </Filter>
    <Filter Include="01.Levels\98. Tool">
      <UniqueIdentifier>{68e03805-ac5d-4811-8d75-d88895ad5614}</UniqueIdentifier>
    </Filter>
    <Filter Include="02.GameObjects\Logo">
      <UniqueIdentifier>{93a319e0-2584-42f0-a95b-75033f74c5ae}</UniqueIdentifier>
    </Filter>
    <Filter Include="96. Manager\Data">
      <UniqueIdentifier>{ec8bafee-f593-4a3c-8fdf-d0b90ae21adb}</UniqueIdentifier>
    </Filter>
    <Filter Include="02.GameObjects\Character">
      <UniqueIdentifier>{68cce55d-7f2c-4b33-a387-09d20e080365}</UniqueIdentifier>
    </Filter>
    <Filter Include="02.GameObjects\Monster">
      <UniqueIdentifier>{978c82ce-6d25-428d-8f75-f1b25ce61559}</UniqueIdentifier>
    </Filter>
    <Filter Include="02.GameObjects\Character\00. Tanjiro">
      <UniqueIdentifier>{507885f5-cfcd-484d-a4f5-ff0c17446477}</UniqueIdentifier>
    </Filter>
    <Filter Include="02.GameObjects\Character\01. Nezko">
      <UniqueIdentifier>{c6df1f2e-e957-4679-a2b2-50efdbeddd66}</UniqueIdentifier>
    </Filter>
    <Filter Include="02.GameObjects\Character\02. Zenitsu">
      <UniqueIdentifier>{07bef7e3-df50-4b6a-a898-5325e137510e}</UniqueIdentifier>
    </Filter>
    <Filter Include="02.GameObjects\Character\03. Kyojuro">
      <UniqueIdentifier>{2589e047-34fe-4253-8753-f2d83685afd5}</UniqueIdentifier>
    </Filter>
    <Filter Include="02.GameObjects\Character\04. Giyu">
      <UniqueIdentifier>{471c5856-a3a8-4243-9e9f-b94b15ad18d7}</UniqueIdentifier>
    </Filter>
    <Filter Include="03. State">
      <UniqueIdentifier>{35062dd5-e235-43a2-a38d-3e4b2f7300b7}</UniqueIdentifier>
    </Filter>
    <Filter Include="03. State\Character">
      <UniqueIdentifier>{96b97e03-5b05-4aa0-885c-f7e365a5268d}</UniqueIdentifier>
    </Filter>
    <Filter Include="02.GameObjects\Character\99. Dummy">
      <UniqueIdentifier>{3b5162f8-31c0-4401-b6d0-d22ac970a862}</UniqueIdentifier>
    </Filter>
    <Filter Include="02.GameObjects\Terrain">
      <UniqueIdentifier>{dec9bd71-23ed-45a4-8928-d0f72663a888}</UniqueIdentifier>
    </Filter>
    <Filter Include="96. Manager\ImGui\Libs\Docking">
      <UniqueIdentifier>{9f636762-d842-4778-89d0-4c71d473c2af}</UniqueIdentifier>
    </Filter>
    <Filter Include="02.GameObjects\Building">
      <UniqueIdentifier>{2bf28741-0203-4091-a578-b154ab47f12f}</UniqueIdentifier>
    </Filter>
    <Filter Include="02.GameObjects\Prop">
      <UniqueIdentifier>{1656f416-c6e8-4a9c-bb21-5ebb8a320adc}</UniqueIdentifier>
    </Filter>
    <Filter Include="02.GameObjects\Effect">
      <UniqueIdentifier>{26cf5b1a-34c4-4aeb-bd80-ee795d3c6f23}</UniqueIdentifier>
    </Filter>
    <Filter Include="02.GameObjects\Effect\Mesh_Effect">
      <UniqueIdentifier>{af553d2f-0ac3-4811-81f7-df9f9c1117ed}</UniqueIdentifier>
    </Filter>
    <Filter Include="02.GameObjects\Effect\Rect_Effect">
      <UniqueIdentifier>{6889ef20-0b7a-4d6a-a6a6-38c9a9f46a2d}</UniqueIdentifier>
    </Filter>
    <Filter Include="02.GameObjects\Effect\Dummy_Effect">
      <UniqueIdentifier>{c520ddf1-6c6d-41d9-b1da-7dd477fb5811}</UniqueIdentifier>
    </Filter>
  </ItemGroup>
  <ItemGroup>
    <Text Include="ReadMe.txt" />
  </ItemGroup>
  <ItemGroup>
    <ClInclude Include="Client.h">
      <Filter>98.Default</Filter>
    </ClInclude>
    <ClInclude Include="Resource.h">
      <Filter>98.Default</Filter>
    </ClInclude>
    <ClInclude Include="stdafx.h">
      <Filter>98.Default</Filter>
    </ClInclude>
    <ClInclude Include="targetver.h">
      <Filter>98.Default</Filter>
    </ClInclude>
    <ClInclude Include="..\public\MainApp.h">
      <Filter>00.MainApp</Filter>
    </ClInclude>
    <ClInclude Include="..\Public\Client_Defines.h">
      <Filter>99.Defines</Filter>
    </ClInclude>
    <ClInclude Include="..\public\Level_Logo.h">
      <Filter>01.Levels\00.Logo</Filter>
    </ClInclude>
    <ClInclude Include="..\Public\Level_GamePlay.h">
      <Filter>01.Levels\01.GamePlay</Filter>
    </ClInclude>
    <ClInclude Include="..\Public\Level_Loading.h">
      <Filter>01.Levels\99.Loading</Filter>
    </ClInclude>
    <ClInclude Include="..\public\Loader.h">
      <Filter>01.Levels\99.Loading\Loader</Filter>
    </ClInclude>
    <ClInclude Include="..\public\BackGround.h">
      <Filter>02.GameObjects\BackGround</Filter>
    </ClInclude>
    <ClInclude Include="..\Public\Player.h">
      <Filter>02.GameObjects\Player</Filter>
    </ClInclude>
    <ClInclude Include="..\Public\Camera_Free.h">
      <Filter>02.GameObjects\Camera</Filter>
    </ClInclude>
    <ClInclude Include="..\Public\ImGui_Manager.h">
      <Filter>96. Manager\ImGui</Filter>
    </ClInclude>
    <ClInclude Include="..\Public\Level_Tool.h">
      <Filter>01.Levels\98. Tool</Filter>
    </ClInclude>
    <ClInclude Include="..\Public\Character.h">
      <Filter>02.GameObjects\Character</Filter>
    </ClInclude>
    <ClInclude Include="..\Public\Tanjiro.h">
      <Filter>02.GameObjects\Character\00. Tanjiro</Filter>
    </ClInclude>
    <ClInclude Include="..\Public\Nezko.h">
      <Filter>02.GameObjects\Character\01. Nezko</Filter>
    </ClInclude>
    <ClInclude Include="..\Public\Zenitsu.h">
      <Filter>02.GameObjects\Character\02. Zenitsu</Filter>
    </ClInclude>
    <ClInclude Include="..\Public\Kyojuro.h">
      <Filter>02.GameObjects\Character\03. Kyojuro</Filter>
    </ClInclude>
    <ClInclude Include="..\Public\Giyu.h">
      <Filter>02.GameObjects\Character\04. Giyu</Filter>
    </ClInclude>
    <ClInclude Include="..\Public\Dummy.h">
      <Filter>02.GameObjects\Character\99. Dummy</Filter>
    </ClInclude>
    <ClInclude Include="..\Public\Terrain.h">
      <Filter>02.GameObjects\Terrain</Filter>
    </ClInclude>
    <ClInclude Include="..\..\ThirdParty\imconfig.h">
      <Filter>96. Manager\ImGui\Libs\Docking</Filter>
    </ClInclude>
    <ClInclude Include="..\..\ThirdParty\imgui.h">
      <Filter>96. Manager\ImGui\Libs\Docking</Filter>
    </ClInclude>
    <ClInclude Include="..\..\ThirdParty\imgui_impl_dx11.h">
      <Filter>96. Manager\ImGui\Libs\Docking</Filter>
    </ClInclude>
    <ClInclude Include="..\..\ThirdParty\imgui_impl_win32.h">
      <Filter>96. Manager\ImGui\Libs\Docking</Filter>
    </ClInclude>
    <ClInclude Include="..\..\ThirdParty\imgui_internal.h">
      <Filter>96. Manager\ImGui\Libs\Docking</Filter>
    </ClInclude>
    <ClInclude Include="..\..\ThirdParty\imgui_stdlib.h">
      <Filter>96. Manager\ImGui\Libs\Docking</Filter>
    </ClInclude>
    <ClInclude Include="..\..\ThirdParty\imstb_rectpack.h">
      <Filter>96. Manager\ImGui\Libs\Docking</Filter>
    </ClInclude>
    <ClInclude Include="..\..\ThirdParty\imstb_textedit.h">
      <Filter>96. Manager\ImGui\Libs\Docking</Filter>
    </ClInclude>
    <ClInclude Include="..\..\ThirdParty\imstb_truetype.h">
      <Filter>96. Manager\ImGui\Libs\Docking</Filter>
    </ClInclude>
    <ClInclude Include="..\Public\Building.h">
      <Filter>02.GameObjects\Building</Filter>
    </ClInclude>
    <ClInclude Include="..\Public\Prop.h">
      <Filter>02.GameObjects\Prop</Filter>
    </ClInclude>
    <ClInclude Include="..\Public\Effect.h">
      <Filter>02.GameObjects\Effect</Filter>
    </ClInclude>
    <ClInclude Include="..\Public\Mesh_Effect.h">
      <Filter>02.GameObjects\Effect\Mesh_Effect</Filter>
    </ClInclude>
    <ClInclude Include="..\Public\Rect_Effect.h">
      <Filter>02.GameObjects\Effect\Rect_Effect</Filter>
    </ClInclude>
  </ItemGroup>
  <ItemGroup>
    <ClCompile Include="Client.cpp">
      <Filter>98.Default</Filter>
    </ClCompile>
    <ClCompile Include="stdafx.cpp">
      <Filter>98.Default</Filter>
    </ClCompile>
    <ClCompile Include="..\private\MainApp.cpp">
      <Filter>00.MainApp</Filter>
    </ClCompile>
    <ClCompile Include="..\private\Level_Logo.cpp">
      <Filter>01.Levels\00.Logo</Filter>
    </ClCompile>
    <ClCompile Include="..\Private\Level_GamePlay.cpp">
      <Filter>01.Levels\01.GamePlay</Filter>
    </ClCompile>
    <ClCompile Include="..\Private\Level_Loading.cpp">
      <Filter>01.Levels\99.Loading</Filter>
    </ClCompile>
    <ClCompile Include="..\private\Loader.cpp">
      <Filter>01.Levels\99.Loading\Loader</Filter>
    </ClCompile>
    <ClCompile Include="..\private\BackGround.cpp">
      <Filter>02.GameObjects\BackGround</Filter>
    </ClCompile>
    <ClCompile Include="..\Private\Player.cpp">
      <Filter>02.GameObjects\Player</Filter>
    </ClCompile>
    <ClCompile Include="..\Private\Camera_Free.cpp">
      <Filter>02.GameObjects\Camera</Filter>
    </ClCompile>
    <ClCompile Include="..\Private\ImGui_Manager.cpp">
      <Filter>96. Manager\ImGui</Filter>
    </ClCompile>
    <ClCompile Include="..\Private\Level_Tool.cpp">
      <Filter>01.Levels\98. Tool</Filter>
    </ClCompile>
    <ClCompile Include="..\Private\Character.cpp">
      <Filter>02.GameObjects\Character</Filter>
    </ClCompile>
    <ClCompile Include="..\Private\Tanjiro.cpp">
      <Filter>02.GameObjects\Character\00. Tanjiro</Filter>
    </ClCompile>
    <ClCompile Include="..\Private\Nezko.cpp">
      <Filter>02.GameObjects\Character\01. Nezko</Filter>
    </ClCompile>
    <ClCompile Include="..\Private\Zenitsu.cpp">
      <Filter>02.GameObjects\Character\02. Zenitsu</Filter>
    </ClCompile>
    <ClCompile Include="..\Private\Kyojuro.cpp">
      <Filter>02.GameObjects\Character\03. Kyojuro</Filter>
    </ClCompile>
    <ClCompile Include="..\Private\Giyu.cpp">
      <Filter>02.GameObjects\Character\04. Giyu</Filter>
    </ClCompile>
    <ClCompile Include="..\Private\Dummy.cpp">
      <Filter>02.GameObjects\Character\99. Dummy</Filter>
    </ClCompile>
    <ClCompile Include="..\Private\Terrain.cpp">
      <Filter>02.GameObjects\Terrain</Filter>
    </ClCompile>
    <ClCompile Include="..\..\ThirdParty\imgui.cpp">
      <Filter>96. Manager\ImGui\Libs\Docking</Filter>
    </ClCompile>
    <ClCompile Include="..\..\ThirdParty\imgui_demo.cpp">
      <Filter>96. Manager\ImGui\Libs\Docking</Filter>
    </ClCompile>
    <ClCompile Include="..\..\ThirdParty\imgui_draw.cpp">
      <Filter>96. Manager\ImGui\Libs\Docking</Filter>
    </ClCompile>
    <ClCompile Include="..\..\ThirdParty\imgui_impl_dx11.cpp">
      <Filter>96. Manager\ImGui\Libs\Docking</Filter>
    </ClCompile>
    <ClCompile Include="..\..\ThirdParty\imgui_impl_win32.cpp">
      <Filter>96. Manager\ImGui\Libs\Docking</Filter>
    </ClCompile>
    <ClCompile Include="..\..\ThirdParty\imgui_stdlib.cpp">
      <Filter>96. Manager\ImGui\Libs\Docking</Filter>
    </ClCompile>
    <ClCompile Include="..\..\ThirdParty\imgui_tables.cpp">
      <Filter>96. Manager\ImGui\Libs\Docking</Filter>
    </ClCompile>
    <ClCompile Include="..\..\ThirdParty\imgui_widgets.cpp">
      <Filter>96. Manager\ImGui\Libs\Docking</Filter>
    </ClCompile>
    <ClCompile Include="..\Private\Building.cpp">
      <Filter>02.GameObjects\Building</Filter>
    </ClCompile>
    <ClCompile Include="..\Private\Prop.cpp">
      <Filter>02.GameObjects\Prop</Filter>
    </ClCompile>
    <ClCompile Include="..\Private\Effect.cpp">
      <Filter>02.GameObjects\Effect</Filter>
    </ClCompile>
    <ClCompile Include="..\Private\Mesh_Effect.cpp">
      <Filter>02.GameObjects\Effect\Mesh_Effect</Filter>
    </ClCompile>
    <ClCompile Include="..\Private\Rect_Effect.cpp">
      <Filter>02.GameObjects\Effect\Rect_Effect</Filter>
    </ClCompile>
  </ItemGroup>
  <ItemGroup>
    <Image Include="Client.ico">
      <Filter>98.Default</Filter>
    </Image>
    <Image Include="small.ico">
      <Filter>98.Default</Filter>
    </Image>
  </ItemGroup>
  <ItemGroup>
    <ResourceCompile Include="Client.rc">
      <Filter>98.Default</Filter>
    </ResourceCompile>
  </ItemGroup>
  <ItemGroup>
    <FxCompile Include="..\Bin\ShaderFiles\Shader_VtxAnimModel.hlsl">
      <Filter>97. ShaderFiles</Filter>
    </FxCompile>
    <FxCompile Include="..\Bin\ShaderFiles\Shader_VtxCubeTex.hlsl">
      <Filter>97. ShaderFiles</Filter>
    </FxCompile>
    <FxCompile Include="..\Bin\ShaderFiles\Shader_VtxModel.hlsl">
      <Filter>97. ShaderFiles</Filter>
    </FxCompile>
    <FxCompile Include="..\Bin\ShaderFiles\Shader_VtxNorTex.hlsl">
      <Filter>97. ShaderFiles</Filter>
    </FxCompile>
    <FxCompile Include="..\Bin\ShaderFiles\Shader_VtxTex.hlsl">
      <Filter>97. ShaderFiles</Filter>
    </FxCompile>
    <FxCompile Include="..\Bin\ShaderFiles\Shader_VtxModelEffect.hlsl">
      <Filter>97. ShaderFiles</Filter>
    </FxCompile>
  </ItemGroup>
</Project>