<?xml version="1.0" encoding="utf-8"?>
<Project ToolsVersion="4.0" xmlns="http://schemas.microsoft.com/developer/msbuild/2003">
  <ItemGroup>
    <Filter Include="98.Default">
      <UniqueIdentifier>{068ac4ae-308f-439b-8a7d-d5b077bfb9ee}</UniqueIdentifier>
    </Filter>
    <Filter Include="99.Defines">
      <UniqueIdentifier>{2bded693-1033-4e35-ab2d-2f7f292e232a}</UniqueIdentifier>
    </Filter>
    <Filter Include="00.MainApp">
      <UniqueIdentifier>{016817f4-efd3-4ed6-ba0e-c59d21242465}</UniqueIdentifier>
    </Filter>
    <Filter Include="01.Levels">
      <UniqueIdentifier>{9927bfef-90a5-4e11-8212-cacd67d008c7}</UniqueIdentifier>
    </Filter>
    <Filter Include="01.Levels\00.Logo">
      <UniqueIdentifier>{f7bf0f5d-9c1a-409d-ba96-8f25a183dad7}</UniqueIdentifier>
    </Filter>
    <Filter Include="01.Levels\01.GamePlay">
      <UniqueIdentifier>{001c8170-e0a0-429b-96c3-38ac67fa7a9c}</UniqueIdentifier>
    </Filter>
    <Filter Include="01.Levels\99.Loading">
      <UniqueIdentifier>{d3df9124-96f6-4c1d-a02e-1d2d51e29c9b}</UniqueIdentifier>
    </Filter>
    <Filter Include="01.Levels\99.Loading\Loader">
      <UniqueIdentifier>{04c05968-cb34-4cec-89e2-639b898c25fc}</UniqueIdentifier>
    </Filter>
    <Filter Include="02.GameObjects">
      <UniqueIdentifier>{d435cd37-10c5-4f6c-a2f1-ee72504bbb59}</UniqueIdentifier>
    </Filter>
    <Filter Include="02.GameObjects\BackGround">
      <UniqueIdentifier>{327a42a0-45f0-4b4d-b8cd-bb209baedc94}</UniqueIdentifier>
    </Filter>
    <Filter Include="02.GameObjects\Player">
      <UniqueIdentifier>{d26bf6ee-8989-439a-89bb-3c4c11da2bdc}</UniqueIdentifier>
    </Filter>
  </ItemGroup>
  <ItemGroup>
    <Text Include="ReadMe.txt" />
  </ItemGroup>
  <ItemGroup>
    <ClInclude Include="Client.h">
      <Filter>98.Default</Filter>
    </ClInclude>
    <ClInclude Include="Resource.h">
      <Filter>98.Default</Filter>
    </ClInclude>
    <ClInclude Include="stdafx.h">
      <Filter>98.Default</Filter>
    </ClInclude>
    <ClInclude Include="targetver.h">
      <Filter>98.Default</Filter>
    </ClInclude>
    <ClInclude Include="..\public\MainApp.h">
      <Filter>00.MainApp</Filter>
    </ClInclude>
    <ClInclude Include="..\Public\Client_Defines.h">
      <Filter>99.Defines</Filter>
    </ClInclude>
    <ClInclude Include="..\public\Level_Logo.h">
      <Filter>01.Levels\00.Logo</Filter>
    </ClInclude>
    <ClInclude Include="..\Public\Level_GamePlay.h">
      <Filter>01.Levels\01.GamePlay</Filter>
    </ClInclude>
    <ClInclude Include="..\Public\Level_Loading.h">
      <Filter>01.Levels\99.Loading</Filter>
    </ClInclude>
    <ClInclude Include="..\public\Loader.h">
      <Filter>01.Levels\99.Loading\Loader</Filter>
    </ClInclude>
    <ClInclude Include="..\public\BackGround.h">
      <Filter>02.GameObjects\BackGround</Filter>
    </ClInclude>
    <ClInclude Include="..\Public\Player.h">
      <Filter>02.GameObjects\Player</Filter>
    </ClInclude>
  </ItemGroup>
  <ItemGroup>
    <ClCompile Include="Client.cpp">
      <Filter>98.Default</Filter>
    </ClCompile>
    <ClCompile Include="stdafx.cpp">
      <Filter>98.Default</Filter>
    </ClCompile>
    <ClCompile Include="..\private\MainApp.cpp">
      <Filter>00.MainApp</Filter>
    </ClCompile>
    <ClCompile Include="..\private\Level_Logo.cpp">
      <Filter>01.Levels\00.Logo</Filter>
    </ClCompile>
    <ClCompile Include="..\Private\Level_GamePlay.cpp">
      <Filter>01.Levels\01.GamePlay</Filter>
    </ClCompile>
    <ClCompile Include="..\Private\Level_Loading.cpp">
      <Filter>01.Levels\99.Loading</Filter>
    </ClCompile>
    <ClCompile Include="..\private\Loader.cpp">
      <Filter>01.Levels\99.Loading\Loader</Filter>
    </ClCompile>
    <ClCompile Include="..\private\BackGround.cpp">
      <Filter>02.GameObjects\BackGround</Filter>
    </ClCompile>
    <ClCompile Include="..\Private\Player.cpp">
      <Filter>02.GameObjects\Player</Filter>
    </ClCompile>
  </ItemGroup>
  <ItemGroup>
    <Image Include="Client.ico">
      <Filter>98.Default</Filter>
    </Image>
    <Image Include="small.ico">
      <Filter>98.Default</Filter>
    </Image>
  </ItemGroup>
  <ItemGroup>
    <ResourceCompile Include="Client.rc">
      <Filter>98.Default</Filter>
    </ResourceCompile>
  </ItemGroup>
</Project>