<?xml version="1.0" encoding="utf-8"?>
<Project ToolsVersion="4.0" xmlns="http://schemas.microsoft.com/developer/msbuild/2003">
  <ItemGroup>
    <Filter Include="98. Default">
      <UniqueIdentifier>{c131f7a8-6dda-4ff8-8987-f7e215a7dca6}</UniqueIdentifier>
    </Filter>
    <Filter Include="97. Network">
      <UniqueIdentifier>{0060c00a-062d-4f84-a94e-be1b62067beb}</UniqueIdentifier>
    </Filter>
    <Filter Include="97. Network\00. Protocol">
      <UniqueIdentifier>{406c26c5-a20b-4536-ad59-9f3d2600da7e}</UniqueIdentifier>
    </Filter>
    <Filter Include="97. Network\01. GameSession">
      <UniqueIdentifier>{57ea4137-03cd-451a-8083-d1bc85fcde77}</UniqueIdentifier>
    </Filter>
    <Filter Include="97. Network\01. GameSession\Manager">
      <UniqueIdentifier>{ec641403-03bf-42a7-8524-b510311f4b92}</UniqueIdentifier>
    </Filter>
    <Filter Include="97. Network\02. PacketHandler">
      <UniqueIdentifier>{5d03a2c9-3d7d-47ee-b41a-d2576592584d}</UniqueIdentifier>
    </Filter>
    <Filter Include="00. MainApp">
      <UniqueIdentifier>{20aa8738-ddda-4964-9a69-36ca5412b449}</UniqueIdentifier>
    </Filter>
    <Filter Include="01. Server_Object">
      <UniqueIdentifier>{576b8bb8-5c10-48b0-adbd-489950d71917}</UniqueIdentifier>
    </Filter>
    <Filter Include="01. Server_Object\Manager">
      <UniqueIdentifier>{b4d329fd-ff43-4b79-b1da-b610f5907dee}</UniqueIdentifier>
    </Filter>
    <Filter Include="02. TimeLine">
      <UniqueIdentifier>{7621594a-8f56-4b85-b3b5-35bcc3503212}</UniqueIdentifier>
    </Filter>
  </ItemGroup>
  <ItemGroup>
    <ClCompile Include="Server.cpp">
      <Filter>98. Default</Filter>
    </ClCompile>
    <ClCompile Include="stdafx.cpp">
      <Filter>98. Default</Filter>
    </ClCompile>
    <ClCompile Include="..\Private\GameSession.cpp">
      <Filter>97. Network\01. GameSession</Filter>
    </ClCompile>
    <ClCompile Include="..\Private\GameSessionManager.cpp">
      <Filter>97. Network\01. GameSession\Manager</Filter>
    </ClCompile>
    <ClCompile Include="..\Private\ServerPacketHandler.cpp">
      <Filter>97. Network\02. PacketHandler</Filter>
    </ClCompile>
    <ClCompile Include="..\Private\Enum.pb.cc">
      <Filter>97. Network\00. Protocol</Filter>
    </ClCompile>
    <ClCompile Include="..\Private\Protocol.pb.cc">
      <Filter>97. Network\00. Protocol</Filter>
    </ClCompile>
    <ClCompile Include="..\Private\Struct.pb.cc">
      <Filter>97. Network\00. Protocol</Filter>
    </ClCompile>
    <ClCompile Include="..\Private\ServerMain.cpp">
      <Filter>00. MainApp</Filter>
    </ClCompile>
    <ClCompile Include="..\Private\ServerObject_Manager.cpp">
      <Filter>01. Server_Object\Manager</Filter>
    </ClCompile>
    <ClCompile Include="..\Private\ServerObject.cpp">
      <Filter>01. Server_Object</Filter>
    </ClCompile>
  </ItemGroup>
  <ItemGroup>
    <ClInclude Include="stdafx.h">
      <Filter>98. Default</Filter>
    </ClInclude>
    <ClInclude Include="..\Public\GameSession.h">
      <Filter>97. Network\01. GameSession</Filter>
    </ClInclude>
    <ClInclude Include="..\Public\GameSessionManager.h">
      <Filter>97. Network\01. GameSession\Manager</Filter>
    </ClInclude>
    <ClInclude Include="..\Public\ServerPacketHandler.h">
      <Filter>97. Network\02. PacketHandler</Filter>
    </ClInclude>
    <ClInclude Include="..\Public\Enum.pb.h">
      <Filter>97. Network\00. Protocol</Filter>
    </ClInclude>
    <ClInclude Include="..\Public\Protocol.pb.h">
      <Filter>97. Network\00. Protocol</Filter>
    </ClInclude>
    <ClInclude Include="..\Public\Struct.pb.h">
      <Filter>97. Network\00. Protocol</Filter>
    </ClInclude>
    <ClInclude Include="..\Public\Server_Defines.h">
      <Filter>98. Default</Filter>
    </ClInclude>
    <ClInclude Include="..\Public\ServerMain.h">
      <Filter>00. MainApp</Filter>
    </ClInclude>
    <ClInclude Include="..\Public\ServerObject_Manager.h">
      <Filter>01. Server_Object\Manager</Filter>
    </ClInclude>
    <ClInclude Include="..\Public\ServerObject.h">
      <Filter>01. Server_Object</Filter>
    </ClInclude>
    <ClInclude Include="resource.h" />
  </ItemGroup>
  <ItemGroup>
    <None Include="..\..\Protocol\Enum.proto">
      <Filter>97. Network\00. Protocol</Filter>
    </None>
    <None Include="..\..\Protocol\GenPackets.bat">
      <Filter>97. Network\00. Protocol</Filter>
    </None>
    <None Include="..\..\Protocol\protoc.exe">
      <Filter>97. Network\00. Protocol</Filter>
    </None>
    <None Include="..\..\Protocol\Protocol.proto">
      <Filter>97. Network\00. Protocol</Filter>
    </None>
    <None Include="..\..\Protocol\Struct.proto">
      <Filter>97. Network\00. Protocol</Filter>
    </None>
  </ItemGroup>
  <ItemGroup>
    <ResourceCompile Include="Server.rc" />
  </ItemGroup>
</Project>